// !$*UTF8*$!
{
	archiveVersion = 1;
	classes = {
	};
	objectVersion = 56;
	objects = {

/* Begin PBXBuildFile section */
		8F3DB37D2CB82226007B7D56 /* AppDelegate.swift in Sources */ = {isa = PBXBuildFile; fileRef = 8F3DB37C2CB82226007B7D56 /* AppDelegate.swift */; };
		8F3DB37F2CB82226007B7D56 /* SceneDelegate.swift in Sources */ = {isa = PBXBuildFile; fileRef = 8F3DB37E2CB82226007B7D56 /* SceneDelegate.swift */; };
		8F3DB3812CB82226007B7D56 /* PopularMovieListViewController.swift in Sources */ = {isa = PBXBuildFile; fileRef = 8F3DB3802CB82226007B7D56 /* PopularMovieListViewController.swift */; };
		8F3DB3842CB82226007B7D56 /* Main.storyboard in Resources */ = {isa = PBXBuildFile; fileRef = 8F3DB3822CB82226007B7D56 /* Main.storyboard */; };
		8F3DB3862CB82227007B7D56 /* Assets.xcassets in Resources */ = {isa = PBXBuildFile; fileRef = 8F3DB3852CB82227007B7D56 /* Assets.xcassets */; };
		8F3DB3892CB82227007B7D56 /* LaunchScreen.storyboard in Resources */ = {isa = PBXBuildFile; fileRef = 8F3DB3872CB82227007B7D56 /* LaunchScreen.storyboard */; };
		8F3DB3942CB82228007B7D56 /* SwipFlixTests.swift in Sources */ = {isa = PBXBuildFile; fileRef = 8F3DB3932CB82228007B7D56 /* SwipFlixTests.swift */; };
		8F3DB39E2CB82228007B7D56 /* SwipFlixUITests.swift in Sources */ = {isa = PBXBuildFile; fileRef = 8F3DB39D2CB82228007B7D56 /* SwipFlixUITests.swift */; };
		8F3DB3A02CB82228007B7D56 /* SwipFlixUITestsLaunchTests.swift in Sources */ = {isa = PBXBuildFile; fileRef = 8F3DB39F2CB82228007B7D56 /* SwipFlixUITestsLaunchTests.swift */; };
		8F3DB3B72CB8257C007B7D56 /* MovieListCell.swift in Sources */ = {isa = PBXBuildFile; fileRef = 8F3DB3B52CB8257C007B7D56 /* MovieListCell.swift */; };
		8F3DB3B82CB8257C007B7D56 /* MovieListCell.xib in Resources */ = {isa = PBXBuildFile; fileRef = 8F3DB3B62CB8257C007B7D56 /* MovieListCell.xib */; };
		8F3DB3BB2CB8472A007B7D56 /* Endpoint.swift in Sources */ = {isa = PBXBuildFile; fileRef = 8F3DB3BA2CB8472A007B7D56 /* Endpoint.swift */; };
		8F3DB3BD2CB847D3007B7D56 /* SwipFlixRequestBuilder.swift in Sources */ = {isa = PBXBuildFile; fileRef = 8F3DB3BC2CB847D3007B7D56 /* SwipFlixRequestBuilder.swift */; };
		8F3DB3BF2CB84815007B7D56 /* RequestBuilder.swift in Sources */ = {isa = PBXBuildFile; fileRef = 8F3DB3BE2CB84815007B7D56 /* RequestBuilder.swift */; };
		8F3DB3C12CB9209C007B7D56 /* NetworkService.swift in Sources */ = {isa = PBXBuildFile; fileRef = 8F3DB3C02CB9209C007B7D56 /* NetworkService.swift */; };
		8F3DB3C32CB92289007B7D56 /* SwipFlixNetworkService.swift in Sources */ = {isa = PBXBuildFile; fileRef = 8F3DB3C22CB92289007B7D56 /* SwipFlixNetworkService.swift */; };
		8F3DB3C52CB9628C007B7D56 /* MovieDataModel.swift in Sources */ = {isa = PBXBuildFile; fileRef = 8F3DB3C42CB9628C007B7D56 /* MovieDataModel.swift */; };
		8F3DB3C72CB963CF007B7D56 /* MovieListTableViewHandler.swift in Sources */ = {isa = PBXBuildFile; fileRef = 8F3DB3C62CB963CF007B7D56 /* MovieListTableViewHandler.swift */; };
		8F3DB3C92CB96490007B7D56 /* PopularMovieListViewModel.swift in Sources */ = {isa = PBXBuildFile; fileRef = 8F3DB3C82CB96490007B7D56 /* PopularMovieListViewModel.swift */; };
		8F3DB3CB2CB964FB007B7D56 /* SwipFlixAPIClient.swift in Sources */ = {isa = PBXBuildFile; fileRef = 8F3DB3CA2CB964FB007B7D56 /* SwipFlixAPIClient.swift */; };
		8F3DB3CD2CB96D32007B7D56 /* Constants.swift in Sources */ = {isa = PBXBuildFile; fileRef = 8F3DB3CC2CB96D32007B7D56 /* Constants.swift */; };
/* End PBXBuildFile section */

/* Begin PBXContainerItemProxy section */
		8F3DB3902CB82228007B7D56 /* PBXContainerItemProxy */ = {
			isa = PBXContainerItemProxy;
			containerPortal = 8F3DB3712CB82226007B7D56 /* Project object */;
			proxyType = 1;
			remoteGlobalIDString = 8F3DB3782CB82226007B7D56;
			remoteInfo = SwipFlix;
		};
		8F3DB39A2CB82228007B7D56 /* PBXContainerItemProxy */ = {
			isa = PBXContainerItemProxy;
			containerPortal = 8F3DB3712CB82226007B7D56 /* Project object */;
			proxyType = 1;
			remoteGlobalIDString = 8F3DB3782CB82226007B7D56;
			remoteInfo = SwipFlix;
		};
/* End PBXContainerItemProxy section */

/* Begin PBXFileReference section */
		8F3DB3792CB82226007B7D56 /* SwipFlix.app */ = {isa = PBXFileReference; explicitFileType = wrapper.application; includeInIndex = 0; path = SwipFlix.app; sourceTree = BUILT_PRODUCTS_DIR; };
		8F3DB37C2CB82226007B7D56 /* AppDelegate.swift */ = {isa = PBXFileReference; lastKnownFileType = sourcecode.swift; path = AppDelegate.swift; sourceTree = "<group>"; };
		8F3DB37E2CB82226007B7D56 /* SceneDelegate.swift */ = {isa = PBXFileReference; lastKnownFileType = sourcecode.swift; path = SceneDelegate.swift; sourceTree = "<group>"; };
		8F3DB3802CB82226007B7D56 /* PopularMovieListViewController.swift */ = {isa = PBXFileReference; lastKnownFileType = sourcecode.swift; path = PopularMovieListViewController.swift; sourceTree = "<group>"; };
		8F3DB3832CB82226007B7D56 /* Base */ = {isa = PBXFileReference; lastKnownFileType = file.storyboard; name = Base; path = Base.lproj/Main.storyboard; sourceTree = "<group>"; };
		8F3DB3852CB82227007B7D56 /* Assets.xcassets */ = {isa = PBXFileReference; lastKnownFileType = folder.assetcatalog; path = Assets.xcassets; sourceTree = "<group>"; };
		8F3DB3882CB82227007B7D56 /* Base */ = {isa = PBXFileReference; lastKnownFileType = file.storyboard; name = Base; path = Base.lproj/LaunchScreen.storyboard; sourceTree = "<group>"; };
		8F3DB38A2CB82227007B7D56 /* Info.plist */ = {isa = PBXFileReference; lastKnownFileType = text.plist.xml; path = Info.plist; sourceTree = "<group>"; };
		8F3DB38F2CB82228007B7D56 /* SwipFlixTests.xctest */ = {isa = PBXFileReference; explicitFileType = wrapper.cfbundle; includeInIndex = 0; path = SwipFlixTests.xctest; sourceTree = BUILT_PRODUCTS_DIR; };
		8F3DB3932CB82228007B7D56 /* SwipFlixTests.swift */ = {isa = PBXFileReference; lastKnownFileType = sourcecode.swift; path = SwipFlixTests.swift; sourceTree = "<group>"; };
		8F3DB3992CB82228007B7D56 /* SwipFlixUITests.xctest */ = {isa = PBXFileReference; explicitFileType = wrapper.cfbundle; includeInIndex = 0; path = SwipFlixUITests.xctest; sourceTree = BUILT_PRODUCTS_DIR; };
		8F3DB39D2CB82228007B7D56 /* SwipFlixUITests.swift */ = {isa = PBXFileReference; lastKnownFileType = sourcecode.swift; path = SwipFlixUITests.swift; sourceTree = "<group>"; };
		8F3DB39F2CB82228007B7D56 /* SwipFlixUITestsLaunchTests.swift */ = {isa = PBXFileReference; lastKnownFileType = sourcecode.swift; path = SwipFlixUITestsLaunchTests.swift; sourceTree = "<group>"; };
		8F3DB3B52CB8257C007B7D56 /* MovieListCell.swift */ = {isa = PBXFileReference; lastKnownFileType = sourcecode.swift; path = MovieListCell.swift; sourceTree = "<group>"; };
		8F3DB3B62CB8257C007B7D56 /* MovieListCell.xib */ = {isa = PBXFileReference; lastKnownFileType = file.xib; path = MovieListCell.xib; sourceTree = "<group>"; };
		8F3DB3BA2CB8472A007B7D56 /* Endpoint.swift */ = {isa = PBXFileReference; lastKnownFileType = sourcecode.swift; path = Endpoint.swift; sourceTree = "<group>"; };
		8F3DB3BC2CB847D3007B7D56 /* SwipFlixRequestBuilder.swift */ = {isa = PBXFileReference; lastKnownFileType = sourcecode.swift; path = SwipFlixRequestBuilder.swift; sourceTree = "<group>"; };
		8F3DB3BE2CB84815007B7D56 /* RequestBuilder.swift */ = {isa = PBXFileReference; lastKnownFileType = sourcecode.swift; path = RequestBuilder.swift; sourceTree = "<group>"; };
		8F3DB3C02CB9209C007B7D56 /* NetworkService.swift */ = {isa = PBXFileReference; lastKnownFileType = sourcecode.swift; path = NetworkService.swift; sourceTree = "<group>"; };
		8F3DB3C22CB92289007B7D56 /* SwipFlixNetworkService.swift */ = {isa = PBXFileReference; lastKnownFileType = sourcecode.swift; path = SwipFlixNetworkService.swift; sourceTree = "<group>"; };
		8F3DB3C42CB9628C007B7D56 /* MovieDataModel.swift */ = {isa = PBXFileReference; lastKnownFileType = sourcecode.swift; path = MovieDataModel.swift; sourceTree = "<group>"; };
		8F3DB3C62CB963CF007B7D56 /* MovieListTableViewHandler.swift */ = {isa = PBXFileReference; lastKnownFileType = sourcecode.swift; path = MovieListTableViewHandler.swift; sourceTree = "<group>"; };
		8F3DB3C82CB96490007B7D56 /* PopularMovieListViewModel.swift */ = {isa = PBXFileReference; lastKnownFileType = sourcecode.swift; path = PopularMovieListViewModel.swift; sourceTree = "<group>"; };
		8F3DB3CA2CB964FB007B7D56 /* SwipFlixAPIClient.swift */ = {isa = PBXFileReference; lastKnownFileType = sourcecode.swift; path = SwipFlixAPIClient.swift; sourceTree = "<group>"; };
		8F3DB3CC2CB96D32007B7D56 /* Constants.swift */ = {isa = PBXFileReference; lastKnownFileType = sourcecode.swift; path = Constants.swift; sourceTree = "<group>"; };
/* End PBXFileReference section */

/* Begin PBXFrameworksBuildPhase section */
		8F3DB3762CB82226007B7D56 /* Frameworks */ = {
			isa = PBXFrameworksBuildPhase;
			buildActionMask = 2147483647;
			files = (
			);
			runOnlyForDeploymentPostprocessing = 0;
		};
		8F3DB38C2CB82228007B7D56 /* Frameworks */ = {
			isa = PBXFrameworksBuildPhase;
			buildActionMask = 2147483647;
			files = (
			);
			runOnlyForDeploymentPostprocessing = 0;
		};
		8F3DB3962CB82228007B7D56 /* Frameworks */ = {
			isa = PBXFrameworksBuildPhase;
			buildActionMask = 2147483647;
			files = (
			);
			runOnlyForDeploymentPostprocessing = 0;
		};
/* End PBXFrameworksBuildPhase section */

/* Begin PBXGroup section */
		8F3DB3702CB82226007B7D56 = {
			isa = PBXGroup;
			children = (
				8F3DB37B2CB82226007B7D56 /* SwipFlix */,
				8F3DB3922CB82228007B7D56 /* SwipFlixTests */,
				8F3DB39C2CB82228007B7D56 /* SwipFlixUITests */,
				8F3DB37A2CB82226007B7D56 /* Products */,
			);
			sourceTree = "<group>";
		};
		8F3DB37A2CB82226007B7D56 /* Products */ = {
			isa = PBXGroup;
			children = (
				8F3DB3792CB82226007B7D56 /* SwipFlix.app */,
				8F3DB38F2CB82228007B7D56 /* SwipFlixTests.xctest */,
				8F3DB3992CB82228007B7D56 /* SwipFlixUITests.xctest */,
			);
			name = Products;
			sourceTree = "<group>";
		};
		8F3DB37B2CB82226007B7D56 /* SwipFlix */ = {
			isa = PBXGroup;
			children = (
				8F3DB38A2CB82227007B7D56 /* Info.plist */,
				8F3DB3B92CB84713007B7D56 /* Network */,
				8F3DB3AC2CB82318007B7D56 /* Views */,
				8F3DB3AD2CB8231F007B7D56 /* ViewModels */,
				8F3DB3AF2CB8233B007B7D56 /* Models */,
				8F3DB3B02CB82349007B7D56 /* Resources */,
				8F3DB3B22CB82398007B7D56 /* Core */,
				8F3DB3C62CB963CF007B7D56 /* MovieListTableViewHandler.swift */,
				8F3DB3CC2CB96D32007B7D56 /* Constants.swift */,
			);
			path = SwipFlix;
			sourceTree = "<group>";
		};
		8F3DB3922CB82228007B7D56 /* SwipFlixTests */ = {
			isa = PBXGroup;
			children = (
				8F3DB3932CB82228007B7D56 /* SwipFlixTests.swift */,
			);
			path = SwipFlixTests;
			sourceTree = "<group>";
		};
		8F3DB39C2CB82228007B7D56 /* SwipFlixUITests */ = {
			isa = PBXGroup;
			children = (
				8F3DB39D2CB82228007B7D56 /* SwipFlixUITests.swift */,
				8F3DB39F2CB82228007B7D56 /* SwipFlixUITestsLaunchTests.swift */,
			);
			path = SwipFlixUITests;
			sourceTree = "<group>";
		};
		8F3DB3AC2CB82318007B7D56 /* Views */ = {
			isa = PBXGroup;
			children = (
				8F3DB3B42CB82528007B7D56 /* Cells */,
				8F3DB3B12CB82368007B7D56 /* ViewControllers */,
			);
			path = Views;
			sourceTree = "<group>";
		};
		8F3DB3AD2CB8231F007B7D56 /* ViewModels */ = {
			isa = PBXGroup;
			children = (
				8F3DB3C82CB96490007B7D56 /* PopularMovieListViewModel.swift */,
			);
			path = ViewModels;
			sourceTree = "<group>";
		};
		8F3DB3AF2CB8233B007B7D56 /* Models */ = {
			isa = PBXGroup;
			children = (
				8F3DB3C42CB9628C007B7D56 /* MovieDataModel.swift */,
			);
			path = Models;
			sourceTree = "<group>";
		};
		8F3DB3B02CB82349007B7D56 /* Resources */ = {
			isa = PBXGroup;
			children = (
				8F3DB3B32CB82493007B7D56 /* StoryBoards */,
				8F3DB3852CB82227007B7D56 /* Assets.xcassets */,
			);
			path = Resources;
			sourceTree = "<group>";
		};
		8F3DB3B12CB82368007B7D56 /* ViewControllers */ = {
			isa = PBXGroup;
			children = (
				8F3DB3802CB82226007B7D56 /* PopularMovieListViewController.swift */,
			);
			path = ViewControllers;
			sourceTree = "<group>";
		};
		8F3DB3B22CB82398007B7D56 /* Core */ = {
			isa = PBXGroup;
			children = (
				8F3DB37C2CB82226007B7D56 /* AppDelegate.swift */,
				8F3DB37E2CB82226007B7D56 /* SceneDelegate.swift */,
			);
			path = Core;
			sourceTree = "<group>";
		};
		8F3DB3B32CB82493007B7D56 /* StoryBoards */ = {
			isa = PBXGroup;
			children = (
				8F3DB3822CB82226007B7D56 /* Main.storyboard */,
				8F3DB3872CB82227007B7D56 /* LaunchScreen.storyboard */,
			);
			path = StoryBoards;
			sourceTree = "<group>";
		};
		8F3DB3B42CB82528007B7D56 /* Cells */ = {
			isa = PBXGroup;
			children = (
				8F3DB3B52CB8257C007B7D56 /* MovieListCell.swift */,
				8F3DB3B62CB8257C007B7D56 /* MovieListCell.xib */,
			);
			path = Cells;
			sourceTree = "<group>";
		};
		8F3DB3B92CB84713007B7D56 /* Network */ = {
			isa = PBXGroup;
			children = (
				8F3DB3BA2CB8472A007B7D56 /* Endpoint.swift */,
				8F3DB3BC2CB847D3007B7D56 /* SwipFlixRequestBuilder.swift */,
				8F3DB3BE2CB84815007B7D56 /* RequestBuilder.swift */,
				8F3DB3C02CB9209C007B7D56 /* NetworkService.swift */,
				8F3DB3C22CB92289007B7D56 /* SwipFlixNetworkService.swift */,
				8F3DB3CA2CB964FB007B7D56 /* SwipFlixAPIClient.swift */,
			);
			path = Network;
			sourceTree = "<group>";
		};
/* End PBXGroup section */

/* Begin PBXNativeTarget section */
		8F3DB3782CB82226007B7D56 /* SwipFlix */ = {
			isa = PBXNativeTarget;
			buildConfigurationList = 8F3DB3A32CB82228007B7D56 /* Build configuration list for PBXNativeTarget "SwipFlix" */;
			buildPhases = (
				8F3DB3752CB82226007B7D56 /* Sources */,
				8F3DB3762CB82226007B7D56 /* Frameworks */,
				8F3DB3772CB82226007B7D56 /* Resources */,
			);
			buildRules = (
			);
			dependencies = (
			);
			name = SwipFlix;
			productName = SwipFlix;
			productReference = 8F3DB3792CB82226007B7D56 /* SwipFlix.app */;
			productType = "com.apple.product-type.application";
		};
		8F3DB38E2CB82228007B7D56 /* SwipFlixTests */ = {
			isa = PBXNativeTarget;
			buildConfigurationList = 8F3DB3A62CB82228007B7D56 /* Build configuration list for PBXNativeTarget "SwipFlixTests" */;
			buildPhases = (
				8F3DB38B2CB82228007B7D56 /* Sources */,
				8F3DB38C2CB82228007B7D56 /* Frameworks */,
				8F3DB38D2CB82228007B7D56 /* Resources */,
			);
			buildRules = (
			);
			dependencies = (
				8F3DB3912CB82228007B7D56 /* PBXTargetDependency */,
			);
			name = SwipFlixTests;
			productName = SwipFlixTests;
			productReference = 8F3DB38F2CB82228007B7D56 /* SwipFlixTests.xctest */;
			productType = "com.apple.product-type.bundle.unit-test";
		};
		8F3DB3982CB82228007B7D56 /* SwipFlixUITests */ = {
			isa = PBXNativeTarget;
			buildConfigurationList = 8F3DB3A92CB82228007B7D56 /* Build configuration list for PBXNativeTarget "SwipFlixUITests" */;
			buildPhases = (
				8F3DB3952CB82228007B7D56 /* Sources */,
				8F3DB3962CB82228007B7D56 /* Frameworks */,
				8F3DB3972CB82228007B7D56 /* Resources */,
			);
			buildRules = (
			);
			dependencies = (
				8F3DB39B2CB82228007B7D56 /* PBXTargetDependency */,
			);
			name = SwipFlixUITests;
			productName = SwipFlixUITests;
			productReference = 8F3DB3992CB82228007B7D56 /* SwipFlixUITests.xctest */;
			productType = "com.apple.product-type.bundle.ui-testing";
		};
/* End PBXNativeTarget section */

/* Begin PBXProject section */
		8F3DB3712CB82226007B7D56 /* Project object */ = {
			isa = PBXProject;
			attributes = {
				BuildIndependentTargetsInParallel = 1;
				LastSwiftUpdateCheck = 1520;
				LastUpgradeCheck = 1520;
				TargetAttributes = {
					8F3DB3782CB82226007B7D56 = {
						CreatedOnToolsVersion = 15.2;
					};
					8F3DB38E2CB82228007B7D56 = {
						CreatedOnToolsVersion = 15.2;
						TestTargetID = 8F3DB3782CB82226007B7D56;
					};
					8F3DB3982CB82228007B7D56 = {
						CreatedOnToolsVersion = 15.2;
						TestTargetID = 8F3DB3782CB82226007B7D56;
					};
				};
			};
			buildConfigurationList = 8F3DB3742CB82226007B7D56 /* Build configuration list for PBXProject "SwipFlix" */;
			compatibilityVersion = "Xcode 14.0";
			developmentRegion = en;
			hasScannedForEncodings = 0;
			knownRegions = (
				en,
				Base,
			);
			mainGroup = 8F3DB3702CB82226007B7D56;
			productRefGroup = 8F3DB37A2CB82226007B7D56 /* Products */;
			projectDirPath = "";
			projectRoot = "";
			targets = (
				8F3DB3782CB82226007B7D56 /* SwipFlix */,
				8F3DB38E2CB82228007B7D56 /* SwipFlixTests */,
				8F3DB3982CB82228007B7D56 /* SwipFlixUITests */,
			);
		};
/* End PBXProject section */

/* Begin PBXResourcesBuildPhase section */
		8F3DB3772CB82226007B7D56 /* Resources */ = {
			isa = PBXResourcesBuildPhase;
			buildActionMask = 2147483647;
			files = (
				8F3DB3892CB82227007B7D56 /* LaunchScreen.storyboard in Resources */,
				8F3DB3862CB82227007B7D56 /* Assets.xcassets in Resources */,
				8F3DB3B82CB8257C007B7D56 /* MovieListCell.xib in Resources */,
				8F3DB3842CB82226007B7D56 /* Main.storyboard in Resources */,
			);
			runOnlyForDeploymentPostprocessing = 0;
		};
		8F3DB38D2CB82228007B7D56 /* Resources */ = {
			isa = PBXResourcesBuildPhase;
			buildActionMask = 2147483647;
			files = (
			);
			runOnlyForDeploymentPostprocessing = 0;
		};
		8F3DB3972CB82228007B7D56 /* Resources */ = {
			isa = PBXResourcesBuildPhase;
			buildActionMask = 2147483647;
			files = (
			);
			runOnlyForDeploymentPostprocessing = 0;
		};
/* End PBXResourcesBuildPhase section */

/* Begin PBXSourcesBuildPhase section */
		8F3DB3752CB82226007B7D56 /* Sources */ = {
			isa = PBXSourcesBuildPhase;
			buildActionMask = 2147483647;
			files = (
				8F3DB3C32CB92289007B7D56 /* SwipFlixNetworkService.swift in Sources */,
				8F3DB3C72CB963CF007B7D56 /* MovieListTableViewHandler.swift in Sources */,
				8F3DB3BF2CB84815007B7D56 /* RequestBuilder.swift in Sources */,
				8F3DB3C52CB9628C007B7D56 /* MovieDataModel.swift in Sources */,
				8F3DB3812CB82226007B7D56 /* PopularMovieListViewController.swift in Sources */,
				8F3DB3CB2CB964FB007B7D56 /* SwipFlixAPIClient.swift in Sources */,
				8F3DB3C92CB96490007B7D56 /* PopularMovieListViewModel.swift in Sources */,
				8F3DB3C12CB9209C007B7D56 /* NetworkService.swift in Sources */,
				8F3DB3BD2CB847D3007B7D56 /* SwipFlixRequestBuilder.swift in Sources */,
				8F3DB37D2CB82226007B7D56 /* AppDelegate.swift in Sources */,
				8F3DB3B72CB8257C007B7D56 /* MovieListCell.swift in Sources */,
				8F3DB3CD2CB96D32007B7D56 /* Constants.swift in Sources */,
				8F3DB37F2CB82226007B7D56 /* SceneDelegate.swift in Sources */,
				8F3DB3BB2CB8472A007B7D56 /* Endpoint.swift in Sources */,
			);
			runOnlyForDeploymentPostprocessing = 0;
		};
		8F3DB38B2CB82228007B7D56 /* Sources */ = {
			isa = PBXSourcesBuildPhase;
			buildActionMask = 2147483647;
			files = (
				8F3DB3942CB82228007B7D56 /* SwipFlixTests.swift in Sources */,
			);
			runOnlyForDeploymentPostprocessing = 0;
		};
		8F3DB3952CB82228007B7D56 /* Sources */ = {
			isa = PBXSourcesBuildPhase;
			buildActionMask = 2147483647;
			files = (
				8F3DB3A02CB82228007B7D56 /* SwipFlixUITestsLaunchTests.swift in Sources */,
				8F3DB39E2CB82228007B7D56 /* SwipFlixUITests.swift in Sources */,
			);
			runOnlyForDeploymentPostprocessing = 0;
		};
/* End PBXSourcesBuildPhase section */

/* Begin PBXTargetDependency section */
		8F3DB3912CB82228007B7D56 /* PBXTargetDependency */ = {
			isa = PBXTargetDependency;
			target = 8F3DB3782CB82226007B7D56 /* SwipFlix */;
			targetProxy = 8F3DB3902CB82228007B7D56 /* PBXContainerItemProxy */;
		};
		8F3DB39B2CB82228007B7D56 /* PBXTargetDependency */ = {
			isa = PBXTargetDependency;
			target = 8F3DB3782CB82226007B7D56 /* SwipFlix */;
			targetProxy = 8F3DB39A2CB82228007B7D56 /* PBXContainerItemProxy */;
		};
/* End PBXTargetDependency section */

/* Begin PBXVariantGroup section */
		8F3DB3822CB82226007B7D56 /* Main.storyboard */ = {
			isa = PBXVariantGroup;
			children = (
				8F3DB3832CB82226007B7D56 /* Base */,
			);
			name = Main.storyboard;
			sourceTree = "<group>";
		};
		8F3DB3872CB82227007B7D56 /* LaunchScreen.storyboard */ = {
			isa = PBXVariantGroup;
			children = (
				8F3DB3882CB82227007B7D56 /* Base */,
			);
			name = LaunchScreen.storyboard;
			sourceTree = "<group>";
		};
/* End PBXVariantGroup section */

/* Begin XCBuildConfiguration section */
		8F3DB3A12CB82228007B7D56 /* Debug */ = {
			isa = XCBuildConfiguration;
			buildSettings = {
				ALWAYS_SEARCH_USER_PATHS = NO;
				ASSETCATALOG_COMPILER_GENERATE_SWIFT_ASSET_SYMBOL_EXTENSIONS = YES;
				CLANG_ANALYZER_NONNULL = YES;
				CLANG_ANALYZER_NUMBER_OBJECT_CONVERSION = YES_AGGRESSIVE;
				CLANG_CXX_LANGUAGE_STANDARD = "gnu++20";
				CLANG_ENABLE_MODULES = YES;
				CLANG_ENABLE_OBJC_ARC = YES;
				CLANG_ENABLE_OBJC_WEAK = YES;
				CLANG_WARN_BLOCK_CAPTURE_AUTORELEASING = YES;
				CLANG_WARN_BOOL_CONVERSION = YES;
				CLANG_WARN_COMMA = YES;
				CLANG_WARN_CONSTANT_CONVERSION = YES;
				CLANG_WARN_DEPRECATED_OBJC_IMPLEMENTATIONS = YES;
				CLANG_WARN_DIRECT_OBJC_ISA_USAGE = YES_ERROR;
				CLANG_WARN_DOCUMENTATION_COMMENTS = YES;
				CLANG_WARN_EMPTY_BODY = YES;
				CLANG_WARN_ENUM_CONVERSION = YES;
				CLANG_WARN_INFINITE_RECURSION = YES;
				CLANG_WARN_INT_CONVERSION = YES;
				CLANG_WARN_NON_LITERAL_NULL_CONVERSION = YES;
				CLANG_WARN_OBJC_IMPLICIT_RETAIN_SELF = YES;
				CLANG_WARN_OBJC_LITERAL_CONVERSION = YES;
				CLANG_WARN_OBJC_ROOT_CLASS = YES_ERROR;
				CLANG_WARN_QUOTED_INCLUDE_IN_FRAMEWORK_HEADER = YES;
				CLANG_WARN_RANGE_LOOP_ANALYSIS = YES;
				CLANG_WARN_STRICT_PROTOTYPES = YES;
				CLANG_WARN_SUSPICIOUS_MOVE = YES;
				CLANG_WARN_UNGUARDED_AVAILABILITY = YES_AGGRESSIVE;
				CLANG_WARN_UNREACHABLE_CODE = YES;
				CLANG_WARN__DUPLICATE_METHOD_MATCH = YES;
				COPY_PHASE_STRIP = NO;
				DEBUG_INFORMATION_FORMAT = dwarf;
				ENABLE_STRICT_OBJC_MSGSEND = YES;
				ENABLE_TESTABILITY = YES;
				ENABLE_USER_SCRIPT_SANDBOXING = YES;
				GCC_C_LANGUAGE_STANDARD = gnu17;
				GCC_DYNAMIC_NO_PIC = NO;
				GCC_NO_COMMON_BLOCKS = YES;
				GCC_OPTIMIZATION_LEVEL = 0;
				GCC_PREPROCESSOR_DEFINITIONS = (
					"DEBUG=1",
					"$(inherited)",
				);
				GCC_WARN_64_TO_32_BIT_CONVERSION = YES;
				GCC_WARN_ABOUT_RETURN_TYPE = YES_ERROR;
				GCC_WARN_UNDECLARED_SELECTOR = YES;
				GCC_WARN_UNINITIALIZED_AUTOS = YES_AGGRESSIVE;
				GCC_WARN_UNUSED_FUNCTION = YES;
				GCC_WARN_UNUSED_VARIABLE = YES;
				IPHONEOS_DEPLOYMENT_TARGET = 17.2;
				LOCALIZATION_PREFERS_STRING_CATALOGS = YES;
				MTL_ENABLE_DEBUG_INFO = INCLUDE_SOURCE;
				MTL_FAST_MATH = YES;
				ONLY_ACTIVE_ARCH = YES;
				SDKROOT = iphoneos;
				SWIFT_ACTIVE_COMPILATION_CONDITIONS = "DEBUG $(inherited)";
				SWIFT_OPTIMIZATION_LEVEL = "-Onone";
			};
			name = Debug;
		};
		8F3DB3A22CB82228007B7D56 /* Release */ = {
			isa = XCBuildConfiguration;
			buildSettings = {
				ALWAYS_SEARCH_USER_PATHS = NO;
				ASSETCATALOG_COMPILER_GENERATE_SWIFT_ASSET_SYMBOL_EXTENSIONS = YES;
				CLANG_ANALYZER_NONNULL = YES;
				CLANG_ANALYZER_NUMBER_OBJECT_CONVERSION = YES_AGGRESSIVE;
				CLANG_CXX_LANGUAGE_STANDARD = "gnu++20";
				CLANG_ENABLE_MODULES = YES;
				CLANG_ENABLE_OBJC_ARC = YES;
				CLANG_ENABLE_OBJC_WEAK = YES;
				CLANG_WARN_BLOCK_CAPTURE_AUTORELEASING = YES;
				CLANG_WARN_BOOL_CONVERSION = YES;
				CLANG_WARN_COMMA = YES;
				CLANG_WARN_CONSTANT_CONVERSION = YES;
				CLANG_WARN_DEPRECATED_OBJC_IMPLEMENTATIONS = YES;
				CLANG_WARN_DIRECT_OBJC_ISA_USAGE = YES_ERROR;
				CLANG_WARN_DOCUMENTATION_COMMENTS = YES;
				CLANG_WARN_EMPTY_BODY = YES;
				CLANG_WARN_ENUM_CONVERSION = YES;
				CLANG_WARN_INFINITE_RECURSION = YES;
				CLANG_WARN_INT_CONVERSION = YES;
				CLANG_WARN_NON_LITERAL_NULL_CONVERSION = YES;
				CLANG_WARN_OBJC_IMPLICIT_RETAIN_SELF = YES;
				CLANG_WARN_OBJC_LITERAL_CONVERSION = YES;
				CLANG_WARN_OBJC_ROOT_CLASS = YES_ERROR;
				CLANG_WARN_QUOTED_INCLUDE_IN_FRAMEWORK_HEADER = YES;
				CLANG_WARN_RANGE_LOOP_ANALYSIS = YES;
				CLANG_WARN_STRICT_PROTOTYPES = YES;
				CLANG_WARN_SUSPICIOUS_MOVE = YES;
				CLANG_WARN_UNGUARDED_AVAILABILITY = YES_AGGRESSIVE;
				CLANG_WARN_UNREACHABLE_CODE = YES;
				CLANG_WARN__DUPLICATE_METHOD_MATCH = YES;
				COPY_PHASE_STRIP = NO;
				DEBUG_INFORMATION_FORMAT = "dwarf-with-dsym";
				ENABLE_NS_ASSERTIONS = NO;
				ENABLE_STRICT_OBJC_MSGSEND = YES;
				ENABLE_USER_SCRIPT_SANDBOXING = YES;
				GCC_C_LANGUAGE_STANDARD = gnu17;
				GCC_NO_COMMON_BLOCKS = YES;
				GCC_WARN_64_TO_32_BIT_CONVERSION = YES;
				GCC_WARN_ABOUT_RETURN_TYPE = YES_ERROR;
				GCC_WARN_UNDECLARED_SELECTOR = YES;
				GCC_WARN_UNINITIALIZED_AUTOS = YES_AGGRESSIVE;
				GCC_WARN_UNUSED_FUNCTION = YES;
				GCC_WARN_UNUSED_VARIABLE = YES;
				IPHONEOS_DEPLOYMENT_TARGET = 17.2;
				LOCALIZATION_PREFERS_STRING_CATALOGS = YES;
				MTL_ENABLE_DEBUG_INFO = NO;
				MTL_FAST_MATH = YES;
				SDKROOT = iphoneos;
				SWIFT_COMPILATION_MODE = wholemodule;
				VALIDATE_PRODUCT = YES;
			};
			name = Release;
		};
		8F3DB3A42CB82228007B7D56 /* Debug */ = {
			isa = XCBuildConfiguration;
			buildSettings = {
				ASSETCATALOG_COMPILER_APPICON_NAME = AppIcon;
				ASSETCATALOG_COMPILER_GLOBAL_ACCENT_COLOR_NAME = AccentColor;
				CODE_SIGN_STYLE = Automatic;
				CURRENT_PROJECT_VERSION = 1;
				GENERATE_INFOPLIST_FILE = YES;
				INFOPLIST_FILE = SwipFlix/Info.plist;
				INFOPLIST_KEY_UIApplicationSupportsIndirectInputEvents = YES;
				INFOPLIST_KEY_UILaunchStoryboardName = LaunchScreen;
				INFOPLIST_KEY_UIMainStoryboardFile = Main;
				INFOPLIST_KEY_UISupportedInterfaceOrientations_iPad = "UIInterfaceOrientationPortrait UIInterfaceOrientationPortraitUpsideDown UIInterfaceOrientationLandscapeLeft UIInterfaceOrientationLandscapeRight";
				INFOPLIST_KEY_UISupportedInterfaceOrientations_iPhone = "UIInterfaceOrientationPortrait UIInterfaceOrientationLandscapeLeft UIInterfaceOrientationLandscapeRight";
				LD_RUNPATH_SEARCH_PATHS = (
					"$(inherited)",
					"@executable_path/Frameworks",
				);
				MARKETING_VERSION = 1.0;
				PRODUCT_BUNDLE_IDENTIFIER = com.nouraiztaimour.SwipFlix;
				PRODUCT_NAME = "$(TARGET_NAME)";
				SWIFT_EMIT_LOC_STRINGS = YES;
				SWIFT_VERSION = 5.0;
				TARGETED_DEVICE_FAMILY = "1,2";
			};
			name = Debug;
		};
		8F3DB3A52CB82228007B7D56 /* Release */ = {
			isa = XCBuildConfiguration;
			buildSettings = {
				ASSETCATALOG_COMPILER_APPICON_NAME = AppIcon;
				ASSETCATALOG_COMPILER_GLOBAL_ACCENT_COLOR_NAME = AccentColor;
				CODE_SIGN_STYLE = Automatic;
				CURRENT_PROJECT_VERSION = 1;
				GENERATE_INFOPLIST_FILE = YES;
				INFOPLIST_FILE = SwipFlix/Info.plist;
				INFOPLIST_KEY_UIApplicationSupportsIndirectInputEvents = YES;
				INFOPLIST_KEY_UILaunchStoryboardName = LaunchScreen;
				INFOPLIST_KEY_UIMainStoryboardFile = Main;
				INFOPLIST_KEY_UISupportedInterfaceOrientations_iPad = "UIInterfaceOrientationPortrait UIInterfaceOrientationPortraitUpsideDown UIInterfaceOrientationLandscapeLeft UIInterfaceOrientationLandscapeRight";
				INFOPLIST_KEY_UISupportedInterfaceOrientations_iPhone = "UIInterfaceOrientationPortrait UIInterfaceOrientationLandscapeLeft UIInterfaceOrientationLandscapeRight";
				LD_RUNPATH_SEARCH_PATHS = (
					"$(inherited)",
					"@executable_path/Frameworks",
				);
				MARKETING_VERSION = 1.0;
				PRODUCT_BUNDLE_IDENTIFIER = com.nouraiztaimour.SwipFlix;
				PRODUCT_NAME = "$(TARGET_NAME)";
				SWIFT_EMIT_LOC_STRINGS = YES;
				SWIFT_VERSION = 5.0;
				TARGETED_DEVICE_FAMILY = "1,2";
			};
			name = Release;
		};
		8F3DB3A72CB82228007B7D56 /* Debug */ = {
			isa = XCBuildConfiguration;
			buildSettings = {
				ALWAYS_EMBED_SWIFT_STANDARD_LIBRARIES = YES;
				BUNDLE_LOADER = "$(TEST_HOST)";
				CODE_SIGN_STYLE = Automatic;
				CURRENT_PROJECT_VERSION = 1;
				GENERATE_INFOPLIST_FILE = YES;
				IPHONEOS_DEPLOYMENT_TARGET = 17.2;
				MARKETING_VERSION = 1.0;
				PRODUCT_BUNDLE_IDENTIFIER = com.nouraiztaimour.SwipFlixTests;
				PRODUCT_NAME = "$(TARGET_NAME)";
				SWIFT_EMIT_LOC_STRINGS = NO;
				SWIFT_VERSION = 5.0;
				TARGETED_DEVICE_FAMILY = "1,2";
				TEST_HOST = "$(BUILT_PRODUCTS_DIR)/SwipFlix.app/$(BUNDLE_EXECUTABLE_FOLDER_PATH)/SwipFlix";
			};
			name = Debug;
		};
		8F3DB3A82CB82228007B7D56 /* Release */ = {
			isa = XCBuildConfiguration;
			buildSettings = {
				ALWAYS_EMBED_SWIFT_STANDARD_LIBRARIES = YES;
				BUNDLE_LOADER = "$(TEST_HOST)";
				CODE_SIGN_STYLE = Automatic;
				CURRENT_PROJECT_VERSION = 1;
				GENERATE_INFOPLIST_FILE = YES;
				IPHONEOS_DEPLOYMENT_TARGET = 17.2;
				MARKETING_VERSION = 1.0;
				PRODUCT_BUNDLE_IDENTIFIER = com.nouraiztaimour.SwipFlixTests;
				PRODUCT_NAME = "$(TARGET_NAME)";
				SWIFT_EMIT_LOC_STRINGS = NO;
				SWIFT_VERSION = 5.0;
				TARGETED_DEVICE_FAMILY = "1,2";
				TEST_HOST = "$(BUILT_PRODUCTS_DIR)/SwipFlix.app/$(BUNDLE_EXECUTABLE_FOLDER_PATH)/SwipFlix";
			};
			name = Release;
		};
		8F3DB3AA2CB82228007B7D56 /* Debug */ = {
			isa = XCBuildConfiguration;
			buildSettings = {
				ALWAYS_EMBED_SWIFT_STANDARD_LIBRARIES = YES;
				CODE_SIGN_STYLE = Automatic;
				CURRENT_PROJECT_VERSION = 1;
				GENERATE_INFOPLIST_FILE = YES;
				MARKETING_VERSION = 1.0;
				PRODUCT_BUNDLE_IDENTIFIER = com.nouraiztaimour.SwipFlixUITests;
				PRODUCT_NAME = "$(TARGET_NAME)";
				SWIFT_EMIT_LOC_STRINGS = NO;
				SWIFT_VERSION = 5.0;
				TARGETED_DEVICE_FAMILY = "1,2";
				TEST_TARGET_NAME = SwipFlix;
			};
			name = Debug;
		};
		8F3DB3AB2CB82228007B7D56 /* Release */ = {
			isa = XCBuildConfiguration;
			buildSettings = {
				ALWAYS_EMBED_SWIFT_STANDARD_LIBRARIES = YES;
				CODE_SIGN_STYLE = Automatic;
				CURRENT_PROJECT_VERSION = 1;
				GENERATE_INFOPLIST_FILE = YES;
				MARKETING_VERSION = 1.0;
				PRODUCT_BUNDLE_IDENTIFIER = com.nouraiztaimour.SwipFlixUITests;
				PRODUCT_NAME = "$(TARGET_NAME)";
				SWIFT_EMIT_LOC_STRINGS = NO;
				SWIFT_VERSION = 5.0;
				TARGETED_DEVICE_FAMILY = "1,2";
				TEST_TARGET_NAME = SwipFlix;
			};
			name = Release;
		};
/* End XCBuildConfiguration section */

/* Begin XCConfigurationList section */
		8F3DB3742CB82226007B7D56 /* Build configuration list for PBXProject "SwipFlix" */ = {
			isa = XCConfigurationList;
			buildConfigurations = (
				8F3DB3A12CB82228007B7D56 /* Debug */,
				8F3DB3A22CB82228007B7D56 /* Release */,
			);
			defaultConfigurationIsVisible = 0;
			defaultConfigurationName = Release;
		};
		8F3DB3A32CB82228007B7D56 /* Build configuration list for PBXNativeTarget "SwipFlix" */ = {
			isa = XCConfigurationList;
			buildConfigurations = (
				8F3DB3A42CB82228007B7D56 /* Debug */,
				8F3DB3A52CB82228007B7D56 /* Release */,
			);
			defaultConfigurationIsVisible = 0;
			defaultConfigurationName = Release;
		};
		8F3DB3A62CB82228007B7D56 /* Build configuration list for PBXNativeTarget "SwipFlixTests" */ = {
			isa = XCConfigurationList;
			buildConfigurations = (
				8F3DB3A72CB82228007B7D56 /* Debug */,
				8F3DB3A82CB82228007B7D56 /* Release */,
			);
			defaultConfigurationIsVisible = 0;
			defaultConfigurationName = Release;
		};
		8F3DB3A92CB82228007B7D56 /* Build configuration list for PBXNativeTarget "SwipFlixUITests" */ = {
			isa = XCConfigurationList;
			buildConfigurations = (
				8F3DB3AA2CB82228007B7D56 /* Debug */,
				8F3DB3AB2CB82228007B7D56 /* Release */,
			);
			defaultConfigurationIsVisible = 0;
			defaultConfigurationName = Release;
		};
/* End XCConfigurationList section */
	};
	rootObject = 8F3DB3712CB82226007B7D56 /* Project object */;
}
